// !$*UTF8*$!
{
	archiveVersion = 1;
	classes = {
	};
	objectVersion = 56;
	objects = {

/* Begin PBXBuildFile section */
		C92AD58E2BDD26420063F5D4 /* StockTarget.swift in Sources */ = {isa = PBXBuildFile; fileRef = C92AD58D2BDD26420063F5D4 /* StockTarget.swift */; };
		C92AD5902BDD28940063F5D4 /* StockManager.swift in Sources */ = {isa = PBXBuildFile; fileRef = C92AD58F2BDD28940063F5D4 /* StockManager.swift */; };
		C92AD5942BDD2B0C0063F5D4 /* APIResult.swift in Sources */ = {isa = PBXBuildFile; fileRef = C92AD5932BDD2B0C0063F5D4 /* APIResult.swift */; };
		C92AD5972BDD354A0063F5D4 /* SearchResultsViewController.swift in Sources */ = {isa = PBXBuildFile; fileRef = C92AD5962BDD354A0063F5D4 /* SearchResultsViewController.swift */; };
		C92AD5992BDD3B730063F5D4 /* StockData.swift in Sources */ = {isa = PBXBuildFile; fileRef = C92AD5982BDD3B730063F5D4 /* StockData.swift */; };
		C92AD59C2BDD4D2A0063F5D4 /* SearchViewModel.swift in Sources */ = {isa = PBXBuildFile; fileRef = C92AD59B2BDD4D2A0063F5D4 /* SearchViewModel.swift */; };
		E820671C2BDBEFCB003B1289 /* Moya in Frameworks */ = {isa = PBXBuildFile; productRef = E820671B2BDBEFCB003B1289 /* Moya */; };
		E820671E2BDBF692003B1289 /* StockTarget.swift in Sources */ = {isa = PBXBuildFile; fileRef = E820671D2BDBF692003B1289 /* StockTarget.swift */; };
		E82067202BDBF81E003B1289 /* StockManager.swift in Sources */ = {isa = PBXBuildFile; fileRef = E820671F2BDBF81E003B1289 /* StockManager.swift */; };
		E82067232BDBF930003B1289 /* ApiResult.swift in Sources */ = {isa = PBXBuildFile; fileRef = E82067222BDBF930003B1289 /* ApiResult.swift */; };
		E82067252BDBF950003B1289 /* StockModel.swift in Sources */ = {isa = PBXBuildFile; fileRef = E82067242BDBF950003B1289 /* StockModel.swift */; };
		E82067292BDBFB35003B1289 /* MainViewModel.swift in Sources */ = {isa = PBXBuildFile; fileRef = E82067282BDBFB35003B1289 /* MainViewModel.swift */; };
		E820672C2BDBFB5B003B1289 /* StocksDataModel.swift in Sources */ = {isa = PBXBuildFile; fileRef = E820672B2BDBFB5B003B1289 /* StocksDataModel.swift */; };
		E82067312BDBFF8A003B1289 /* StocksTableViewCell.swift in Sources */ = {isa = PBXBuildFile; fileRef = E82067302BDBFF8A003B1289 /* StocksTableViewCell.swift */; };
		E82067332BDC04E5003B1289 /* CompanyModel.swift in Sources */ = {isa = PBXBuildFile; fileRef = E82067322BDC04E5003B1289 /* CompanyModel.swift */; };
		E82067352BDF0BE1003B1289 /* MainAlphaTarget.swift in Sources */ = {isa = PBXBuildFile; fileRef = E82067342BDF0BE1003B1289 /* MainAlphaTarget.swift */; };
		E82067372BDF0CD5003B1289 /* MainAlphaManager.swift in Sources */ = {isa = PBXBuildFile; fileRef = E82067362BDF0CD5003B1289 /* MainAlphaManager.swift */; };
		E82067392BDF0D24003B1289 /* TopLosersModel.swift in Sources */ = {isa = PBXBuildFile; fileRef = E82067382BDF0D24003B1289 /* TopLosersModel.swift */; };
		E820673B2BDF13E1003B1289 /* SectionHeader.swift in Sources */ = {isa = PBXBuildFile; fileRef = E820673A2BDF13E1003B1289 /* SectionHeader.swift */; };
		E820673D2BDFF3D1003B1289 /* CompanyFMPModel.swift in Sources */ = {isa = PBXBuildFile; fileRef = E820673C2BDFF3D1003B1289 /* CompanyFMPModel.swift */; };
		E820673F2BDFF450003B1289 /* FMPCompanyTarget.swift in Sources */ = {isa = PBXBuildFile; fileRef = E820673E2BDFF450003B1289 /* FMPCompanyTarget.swift */; };
		E82067412BDFF58E003B1289 /* FMPManager.swift in Sources */ = {isa = PBXBuildFile; fileRef = E82067402BDFF58E003B1289 /* FMPManager.swift */; };
		E8AD91832BDAB6FB00A8FBD6 /* AppDelegate.swift in Sources */ = {isa = PBXBuildFile; fileRef = E8AD91822BDAB6FB00A8FBD6 /* AppDelegate.swift */; };
		E8AD91852BDAB6FB00A8FBD6 /* SceneDelegate.swift in Sources */ = {isa = PBXBuildFile; fileRef = E8AD91842BDAB6FB00A8FBD6 /* SceneDelegate.swift */; };
		E8AD91872BDAB6FB00A8FBD6 /* ViewController.swift in Sources */ = {isa = PBXBuildFile; fileRef = E8AD91862BDAB6FB00A8FBD6 /* ViewController.swift */; };
		E8AD918D2BDAB6FB00A8FBD6 /* StocksApp.xcdatamodeld in Sources */ = {isa = PBXBuildFile; fileRef = E8AD918B2BDAB6FB00A8FBD6 /* StocksApp.xcdatamodeld */; };
		E8AD918F2BDAB6FC00A8FBD6 /* Assets.xcassets in Resources */ = {isa = PBXBuildFile; fileRef = E8AD918E2BDAB6FC00A8FBD6 /* Assets.xcassets */; };
		E8AD91922BDAB6FC00A8FBD6 /* Base in Resources */ = {isa = PBXBuildFile; fileRef = E8AD91912BDAB6FC00A8FBD6 /* Base */; };
		E8AD91A82BDBE65800A8FBD6 /* SnapKit in Frameworks */ = {isa = PBXBuildFile; productRef = E8AD91A72BDBE65800A8FBD6 /* SnapKit */; };
		E8AD91AA2BDBE65800A8FBD6 /* SnapKit-Dynamic in Frameworks */ = {isa = PBXBuildFile; productRef = E8AD91A92BDBE65800A8FBD6 /* SnapKit-Dynamic */; };
		E8AD91AD2BDBE67E00A8FBD6 /* Kingfisher in Frameworks */ = {isa = PBXBuildFile; productRef = E8AD91AC2BDBE67E00A8FBD6 /* Kingfisher */; };
		E8AD91AF2BDBE69800A8FBD6 /* NetworkLoggerPluginConfig.swift in Sources */ = {isa = PBXBuildFile; fileRef = E8AD91AE2BDBE69700A8FBD6 /* NetworkLoggerPluginConfig.swift */; };
		E8AD91B12BDBE6B700A8FBD6 /* LoggerPlugin.swift in Sources */ = {isa = PBXBuildFile; fileRef = E8AD91B02BDBE6B700A8FBD6 /* LoggerPlugin.swift */; };
		E8AD91B32BDBE6CF00A8FBD6 /* BaseTarget.swift in Sources */ = {isa = PBXBuildFile; fileRef = E8AD91B22BDBE6CF00A8FBD6 /* BaseTarget.swift */; };
		E8AD91B62BDBE71000A8FBD6 /* GlobalConstants.swift in Sources */ = {isa = PBXBuildFile; fileRef = E8AD91B52BDBE71000A8FBD6 /* GlobalConstants.swift */; };
		E8AD91B92BDBE7B600A8FBD6 /* TabBarViewController.swift in Sources */ = {isa = PBXBuildFile; fileRef = E8AD91B82BDBE7B600A8FBD6 /* TabBarViewController.swift */; };
		E8AD91BB2BDBE86D00A8FBD6 /* MainViewController.swift in Sources */ = {isa = PBXBuildFile; fileRef = E8AD91BA2BDBE86D00A8FBD6 /* MainViewController.swift */; };
		E8AD91BD2BDBE88300A8FBD6 /* SearchViewController.swift in Sources */ = {isa = PBXBuildFile; fileRef = E8AD91BC2BDBE88300A8FBD6 /* SearchViewController.swift */; };
		E8AD91BF2BDBE89500A8FBD6 /* FavoritesViewController.swift in Sources */ = {isa = PBXBuildFile; fileRef = E8AD91BE2BDBE89500A8FBD6 /* FavoritesViewController.swift */; };
/* End PBXBuildFile section */

/* Begin PBXFileReference section */

		E820671D2BDBF692003B1289 /* StockTarget.swift */ = {isa = PBXFileReference; lastKnownFileType = sourcecode.swift; path = StockTarget.swift; sourceTree = "<group>"; };
		E820671F2BDBF81E003B1289 /* StockManager.swift */ = {isa = PBXFileReference; lastKnownFileType = sourcecode.swift; path = StockManager.swift; sourceTree = "<group>"; };
		E82067222BDBF930003B1289 /* ApiResult.swift */ = {isa = PBXFileReference; lastKnownFileType = sourcecode.swift; path = ApiResult.swift; sourceTree = "<group>"; };
		E82067242BDBF950003B1289 /* StockModel.swift */ = {isa = PBXFileReference; lastKnownFileType = sourcecode.swift; path = StockModel.swift; sourceTree = "<group>"; };
		E82067282BDBFB35003B1289 /* MainViewModel.swift */ = {isa = PBXFileReference; lastKnownFileType = sourcecode.swift; path = MainViewModel.swift; sourceTree = "<group>"; };
		E820672B2BDBFB5B003B1289 /* StocksDataModel.swift */ = {isa = PBXFileReference; lastKnownFileType = sourcecode.swift; path = StocksDataModel.swift; sourceTree = "<group>"; };
		E82067302BDBFF8A003B1289 /* StocksTableViewCell.swift */ = {isa = PBXFileReference; lastKnownFileType = sourcecode.swift; path = StocksTableViewCell.swift; sourceTree = "<group>"; };
		E82067322BDC04E5003B1289 /* CompanyModel.swift */ = {isa = PBXFileReference; lastKnownFileType = sourcecode.swift; path = CompanyModel.swift; sourceTree = "<group>"; };
		E82067342BDF0BE1003B1289 /* MainAlphaTarget.swift */ = {isa = PBXFileReference; lastKnownFileType = sourcecode.swift; path = MainAlphaTarget.swift; sourceTree = "<group>"; };
		E82067362BDF0CD5003B1289 /* MainAlphaManager.swift */ = {isa = PBXFileReference; lastKnownFileType = sourcecode.swift; path = MainAlphaManager.swift; sourceTree = "<group>"; };
		E82067382BDF0D24003B1289 /* TopLosersModel.swift */ = {isa = PBXFileReference; lastKnownFileType = sourcecode.swift; path = TopLosersModel.swift; sourceTree = "<group>"; };
		E820673A2BDF13E1003B1289 /* SectionHeader.swift */ = {isa = PBXFileReference; lastKnownFileType = sourcecode.swift; path = SectionHeader.swift; sourceTree = "<group>"; };
		E820673C2BDFF3D1003B1289 /* CompanyFMPModel.swift */ = {isa = PBXFileReference; lastKnownFileType = sourcecode.swift; path = CompanyFMPModel.swift; sourceTree = "<group>"; };
		E820673E2BDFF450003B1289 /* FMPCompanyTarget.swift */ = {isa = PBXFileReference; lastKnownFileType = sourcecode.swift; path = FMPCompanyTarget.swift; sourceTree = "<group>"; };
		E82067402BDFF58E003B1289 /* FMPManager.swift */ = {isa = PBXFileReference; lastKnownFileType = sourcecode.swift; path = FMPManager.swift; sourceTree = "<group>"; };
		C92AD58D2BDD26420063F5D4 /* StockTarget.swift */ = {isa = PBXFileReference; lastKnownFileType = sourcecode.swift; path = StockTarget.swift; sourceTree = "<group>"; };
		C92AD58F2BDD28940063F5D4 /* StockManager.swift */ = {isa = PBXFileReference; lastKnownFileType = sourcecode.swift; name = StockManager.swift; path = StocksApp/Core/Managers/NetworkManager/StockManager.swift; sourceTree = SOURCE_ROOT; };
		C92AD5932BDD2B0C0063F5D4 /* APIResult.swift */ = {isa = PBXFileReference; lastKnownFileType = sourcecode.swift; path = APIResult.swift; sourceTree = "<group>"; };
		C92AD5962BDD354A0063F5D4 /* SearchResultsViewController.swift */ = {isa = PBXFileReference; lastKnownFileType = sourcecode.swift; path = SearchResultsViewController.swift; sourceTree = "<group>"; };
		C92AD5982BDD3B730063F5D4 /* StockData.swift */ = {isa = PBXFileReference; lastKnownFileType = sourcecode.swift; path = StockData.swift; sourceTree = "<group>"; };
		C92AD59B2BDD4D2A0063F5D4 /* SearchViewModel.swift */ = {isa = PBXFileReference; lastKnownFileType = sourcecode.swift; path = SearchViewModel.swift; sourceTree = "<group>"; };
		E8AD917F2BDAB6FB00A8FBD6 /* StocksApp.app */ = {isa = PBXFileReference; explicitFileType = wrapper.application; includeInIndex = 0; path = StocksApp.app; sourceTree = BUILT_PRODUCTS_DIR; };
		E8AD91822BDAB6FB00A8FBD6 /* AppDelegate.swift */ = {isa = PBXFileReference; lastKnownFileType = sourcecode.swift; path = AppDelegate.swift; sourceTree = "<group>"; };
		E8AD91842BDAB6FB00A8FBD6 /* SceneDelegate.swift */ = {isa = PBXFileReference; lastKnownFileType = sourcecode.swift; path = SceneDelegate.swift; sourceTree = "<group>"; };
		E8AD91862BDAB6FB00A8FBD6 /* ViewController.swift */ = {isa = PBXFileReference; lastKnownFileType = sourcecode.swift; path = ViewController.swift; sourceTree = "<group>"; };
		E8AD918C2BDAB6FB00A8FBD6 /* StocksApp.xcdatamodel */ = {isa = PBXFileReference; lastKnownFileType = wrapper.xcdatamodel; path = StocksApp.xcdatamodel; sourceTree = "<group>"; };
		E8AD918E2BDAB6FC00A8FBD6 /* Assets.xcassets */ = {isa = PBXFileReference; lastKnownFileType = folder.assetcatalog; path = Assets.xcassets; sourceTree = "<group>"; };
		E8AD91912BDAB6FC00A8FBD6 /* Base */ = {isa = PBXFileReference; lastKnownFileType = file.storyboard; name = Base; path = Base.lproj/LaunchScreen.storyboard; sourceTree = "<group>"; };
		E8AD91932BDAB6FC00A8FBD6 /* Info.plist */ = {isa = PBXFileReference; lastKnownFileType = text.plist.xml; path = Info.plist; sourceTree = "<group>"; };
		E8AD91AE2BDBE69700A8FBD6 /* NetworkLoggerPluginConfig.swift */ = {isa = PBXFileReference; lastKnownFileType = sourcecode.swift; path = NetworkLoggerPluginConfig.swift; sourceTree = "<group>"; };
		E8AD91B02BDBE6B700A8FBD6 /* LoggerPlugin.swift */ = {isa = PBXFileReference; lastKnownFileType = sourcecode.swift; path = LoggerPlugin.swift; sourceTree = "<group>"; };
		E8AD91B22BDBE6CF00A8FBD6 /* BaseTarget.swift */ = {isa = PBXFileReference; lastKnownFileType = sourcecode.swift; path = BaseTarget.swift; sourceTree = "<group>"; };
		E8AD91B52BDBE71000A8FBD6 /* GlobalConstants.swift */ = {isa = PBXFileReference; lastKnownFileType = sourcecode.swift; path = GlobalConstants.swift; sourceTree = "<group>"; };
		E8AD91B82BDBE7B600A8FBD6 /* TabBarViewController.swift */ = {isa = PBXFileReference; lastKnownFileType = sourcecode.swift; path = TabBarViewController.swift; sourceTree = "<group>"; };
		E8AD91BA2BDBE86D00A8FBD6 /* MainViewController.swift */ = {isa = PBXFileReference; lastKnownFileType = sourcecode.swift; path = MainViewController.swift; sourceTree = "<group>"; };
		E8AD91BC2BDBE88300A8FBD6 /* SearchViewController.swift */ = {isa = PBXFileReference; lastKnownFileType = sourcecode.swift; path = SearchViewController.swift; sourceTree = "<group>"; };
		E8AD91BE2BDBE89500A8FBD6 /* FavoritesViewController.swift */ = {isa = PBXFileReference; lastKnownFileType = sourcecode.swift; path = FavoritesViewController.swift; sourceTree = "<group>"; };
/* End PBXFileReference section */

/* Begin PBXFrameworksBuildPhase section */
		E8AD917C2BDAB6FB00A8FBD6 /* Frameworks */ = {
			isa = PBXFrameworksBuildPhase;
			buildActionMask = 2147483647;
			files = (
				E8AD91AD2BDBE67E00A8FBD6 /* Kingfisher in Frameworks */,
				E8AD91A82BDBE65800A8FBD6 /* SnapKit in Frameworks */,
				E820671C2BDBEFCB003B1289 /* Moya in Frameworks */,
				E8AD91AA2BDBE65800A8FBD6 /* SnapKit-Dynamic in Frameworks */,
			);
			runOnlyForDeploymentPostprocessing = 0;
		};
/* End PBXFrameworksBuildPhase section */

/* Begin PBXGroup section */
		C92AD5912BDD2AD20063F5D4 /* NetworkManager */ = {
			isa = PBXGroup;
			children = (
				C92AD58F2BDD28940063F5D4 /* StockManager.swift */,
			);
			path = NetworkManager;
			sourceTree = "<group>";
		};
		C92AD5922BDD2AED0063F5D4 /* APIResult */ = {
			isa = PBXGroup;
			children = (
				C92AD5932BDD2B0C0063F5D4 /* APIResult.swift */,
			);
			path = APIResult;
			sourceTree = "<group>";
		};
		C92AD5952BDD350A0063F5D4 /* SearchResults */ = {
			isa = PBXGroup;
			children = (
				C92AD5962BDD354A0063F5D4 /* SearchResultsViewController.swift */,
			);
			path = SearchResults;
			sourceTree = "<group>";
		};
		C92AD59A2BDD4CFF0063F5D4 /* ViewModel */ = {
			isa = PBXGroup;
			children = (
				C92AD59B2BDD4D2A0063F5D4 /* SearchViewModel.swift */,
			);
			path = ViewModel;
			sourceTree = "<group>";
		};
		C92AD59D2BDD4D460063F5D4 /* ViewController */ = {
			isa = PBXGroup;
			children = (
				E8AD91BC2BDBE88300A8FBD6 /* SearchViewController.swift */,
				C92AD5952BDD350A0063F5D4 /* SearchResults */,
			);
			path = ViewController;
			sourceTree = "<group>";
		};
		E820671A2BDBEFCB003B1289 /* Frameworks */ = {
			isa = PBXGroup;
			children = (
			);
			name = Frameworks;
			sourceTree = "<group>";
		};
		E82067212BDBF91A003B1289 /* Models */ = {
			isa = PBXGroup;
			children = (
				E82067222BDBF930003B1289 /* ApiResult.swift */,
				E82067242BDBF950003B1289 /* StockModel.swift */,
				E82067322BDC04E5003B1289 /* CompanyModel.swift */,
				E82067382BDF0D24003B1289 /* TopLosersModel.swift */,
				E820673C2BDFF3D1003B1289 /* CompanyFMPModel.swift */,
			);
			path = Models;
			sourceTree = "<group>";
		};
		E82067262BDBFB1F003B1289 /* ViewModel */ = {
			isa = PBXGroup;
			children = (
				E82067282BDBFB35003B1289 /* MainViewModel.swift */,
			);
			path = ViewModel;
			sourceTree = "<group>";
		};
		E82067272BDBFB26003B1289 /* View */ = {
			isa = PBXGroup;
			children = (
				E820672D2BDBFF42003B1289 /* Subview */,
				E8AD91BA2BDBE86D00A8FBD6 /* MainViewController.swift */,
			);
			path = View;
			sourceTree = "<group>";
		};
		E820672A2BDBFB4E003B1289 /* Model */ = {
			isa = PBXGroup;
			children = (
				E820672B2BDBFB5B003B1289 /* StocksDataModel.swift */,
			);
			path = Model;
			sourceTree = "<group>";
		};
		E820672D2BDBFF42003B1289 /* Subview */ = {
			isa = PBXGroup;
			children = (
				E82067302BDBFF8A003B1289 /* StocksTableViewCell.swift */,
				E820673A2BDF13E1003B1289 /* SectionHeader.swift */,
			);
			path = Subview;
			sourceTree = "<group>";
		};
		E8AD91762BDAB6FB00A8FBD6 = {
			isa = PBXGroup;
			children = (
				E8AD91812BDAB6FB00A8FBD6 /* StocksApp */,
				E8AD91802BDAB6FB00A8FBD6 /* Products */,
				E820671A2BDBEFCB003B1289 /* Frameworks */,
			);
			sourceTree = "<group>";
		};
		E8AD91802BDAB6FB00A8FBD6 /* Products */ = {
			isa = PBXGroup;
			children = (
				E8AD917F2BDAB6FB00A8FBD6 /* StocksApp.app */,
			);
			name = Products;
			sourceTree = "<group>";
		};
		E8AD91812BDAB6FB00A8FBD6 /* StocksApp */ = {
			isa = PBXGroup;
			children = (
				E8AD919B2BDBE44900A8FBD6 /* Sources */,
				E8AD91992BDBE41D00A8FBD6 /* Core */,
				E8AD919A2BDBE43200A8FBD6 /* Modules */,
				E8AD919C2BDBE45C00A8FBD6 /* Resources */,
				E8AD91862BDAB6FB00A8FBD6 /* ViewController.swift */,
				E8AD91902BDAB6FC00A8FBD6 /* LaunchScreen.storyboard */,
				E8AD91932BDAB6FC00A8FBD6 /* Info.plist */,
				E8AD918B2BDAB6FB00A8FBD6 /* StocksApp.xcdatamodeld */,
			);
			path = StocksApp;
			sourceTree = "<group>";
		};
		E8AD91992BDBE41D00A8FBD6 /* Core */ = {
			isa = PBXGroup;
			children = (
				E8AD91A02BDBE4C400A8FBD6 /* Data */,
				E8AD919F2BDBE4BD00A8FBD6 /* Managers */,
				E8AD919E2BDBE4B000A8FBD6 /* Targets */,
				E8AD919D2BDBE49F00A8FBD6 /* Plugins */,
			);
			path = Core;
			sourceTree = "<group>";
		};
		E8AD919A2BDBE43200A8FBD6 /* Modules */ = {
			isa = PBXGroup;
			children = (
				E8AD91B72BDBE78E00A8FBD6 /* TabBar */,
				E8AD91A42BDBE50700A8FBD6 /* StocksDetailsPage */,
				E8AD91A32BDBE4FE00A8FBD6 /* SearchPage */,
				E8AD91A22BDBE4EF00A8FBD6 /* FavoritesPage */,
				E8AD91A12BDBE4CA00A8FBD6 /* MainPage */,
			);
			path = Modules;
			sourceTree = "<group>";
		};
		E8AD919B2BDBE44900A8FBD6 /* Sources */ = {
			isa = PBXGroup;
			children = (
			);
			path = Sources;
			sourceTree = "<group>";
		};
		E8AD919C2BDBE45C00A8FBD6 /* Resources */ = {
			isa = PBXGroup;
			children = (
				E8AD91842BDAB6FB00A8FBD6 /* SceneDelegate.swift */,
				E8AD91822BDAB6FB00A8FBD6 /* AppDelegate.swift */,
				E8AD918E2BDAB6FC00A8FBD6 /* Assets.xcassets */,
			);
			path = Resources;
			sourceTree = "<group>";
		};
		E8AD919D2BDBE49F00A8FBD6 /* Plugins */ = {
			isa = PBXGroup;
			children = (
				E8AD91AE2BDBE69700A8FBD6 /* NetworkLoggerPluginConfig.swift */,
				E8AD91B02BDBE6B700A8FBD6 /* LoggerPlugin.swift */,
			);
			path = Plugins;
			sourceTree = "<group>";
		};
		E8AD919E2BDBE4B000A8FBD6 /* Targets */ = {
			isa = PBXGroup;
			children = (
				E8AD91B22BDBE6CF00A8FBD6 /* BaseTarget.swift */,
				E820671D2BDBF692003B1289 /* StockTarget.swift */,
				E82067342BDF0BE1003B1289 /* MainAlphaTarget.swift */,
				E820673E2BDFF450003B1289 /* FMPCompanyTarget.swift */,
				C92AD58D2BDD26420063F5D4 /* StockTarget.swift */,
			);
			path = Targets;
			sourceTree = "<group>";
		};
		E8AD919F2BDBE4BD00A8FBD6 /* Managers */ = {
			isa = PBXGroup;
			children = (
				E820671F2BDBF81E003B1289 /* StockManager.swift */,
				E82067362BDF0CD5003B1289 /* MainAlphaManager.swift */,
				E82067402BDFF58E003B1289 /* FMPManager.swift */,
				C92AD5922BDD2AED0063F5D4 /* APIResult */,
				C92AD5912BDD2AD20063F5D4 /* NetworkManager */,
			);
			path = Managers;
			sourceTree = "<group>";
		};
		E8AD91A02BDBE4C400A8FBD6 /* Data */ = {
			isa = PBXGroup;
			children = (
				E82067212BDBF91A003B1289 /* Models */,
				E8AD91B42BDBE6FF00A8FBD6 /* GlobalData */,
				C92AD5982BDD3B730063F5D4 /* StockData.swift */,
			);
			path = Data;
			sourceTree = "<group>";
		};
		E8AD91A12BDBE4CA00A8FBD6 /* MainPage */ = {
			isa = PBXGroup;
			children = (
				E820672A2BDBFB4E003B1289 /* Model */,
				E82067272BDBFB26003B1289 /* View */,
				E82067262BDBFB1F003B1289 /* ViewModel */,
			);
			path = MainPage;
			sourceTree = "<group>";
		};
		E8AD91A22BDBE4EF00A8FBD6 /* FavoritesPage */ = {
			isa = PBXGroup;
			children = (
				E8AD91BE2BDBE89500A8FBD6 /* FavoritesViewController.swift */,
			);
			path = FavoritesPage;
			sourceTree = "<group>";
		};
		E8AD91A32BDBE4FE00A8FBD6 /* SearchPage */ = {
			isa = PBXGroup;
			children = (
				C92AD59D2BDD4D460063F5D4 /* ViewController */,
				C92AD59A2BDD4CFF0063F5D4 /* ViewModel */,
			);
			path = SearchPage;
			sourceTree = "<group>";
		};
		E8AD91A42BDBE50700A8FBD6 /* StocksDetailsPage */ = {
			isa = PBXGroup;
			children = (
			);
			path = StocksDetailsPage;
			sourceTree = "<group>";
		};
		E8AD91B42BDBE6FF00A8FBD6 /* GlobalData */ = {
			isa = PBXGroup;
			children = (
				E8AD91B52BDBE71000A8FBD6 /* GlobalConstants.swift */,
			);
			path = GlobalData;
			sourceTree = "<group>";
		};
		E8AD91B72BDBE78E00A8FBD6 /* TabBar */ = {
			isa = PBXGroup;
			children = (
				E8AD91B82BDBE7B600A8FBD6 /* TabBarViewController.swift */,
			);
			path = TabBar;
			sourceTree = "<group>";
		};
/* End PBXGroup section */

/* Begin PBXNativeTarget section */
		E8AD917E2BDAB6FB00A8FBD6 /* StocksApp */ = {
			isa = PBXNativeTarget;
			buildConfigurationList = E8AD91962BDAB6FC00A8FBD6 /* Build configuration list for PBXNativeTarget "StocksApp" */;
			buildPhases = (
				E8AD917B2BDAB6FB00A8FBD6 /* Sources */,
				E8AD917C2BDAB6FB00A8FBD6 /* Frameworks */,
				E8AD917D2BDAB6FB00A8FBD6 /* Resources */,
			);
			buildRules = (
			);
			dependencies = (
			);
			name = StocksApp;
			packageProductDependencies = (
				E8AD91A72BDBE65800A8FBD6 /* SnapKit */,
				E8AD91A92BDBE65800A8FBD6 /* SnapKit-Dynamic */,
				E8AD91AC2BDBE67E00A8FBD6 /* Kingfisher */,
				E820671B2BDBEFCB003B1289 /* Moya */,
			);
			productName = StocksApp;
			productReference = E8AD917F2BDAB6FB00A8FBD6 /* StocksApp.app */;
			productType = "com.apple.product-type.application";
		};
/* End PBXNativeTarget section */

/* Begin PBXProject section */
		E8AD91772BDAB6FB00A8FBD6 /* Project object */ = {
			isa = PBXProject;
			attributes = {
				BuildIndependentTargetsInParallel = 1;
				LastSwiftUpdateCheck = 1530;
				LastUpgradeCheck = 1530;
				TargetAttributes = {
					E8AD917E2BDAB6FB00A8FBD6 = {
						CreatedOnToolsVersion = 15.3;
					};
				};
			};
			buildConfigurationList = E8AD917A2BDAB6FB00A8FBD6 /* Build configuration list for PBXProject "StocksApp" */;
			compatibilityVersion = "Xcode 14.0";
			developmentRegion = en;
			hasScannedForEncodings = 0;
			knownRegions = (
				en,
				Base,
			);
			mainGroup = E8AD91762BDAB6FB00A8FBD6;
			packageReferences = (
				E8AD91A52BDBE64B00A8FBD6 /* XCRemoteSwiftPackageReference "Moya" */,
				E8AD91A62BDBE65800A8FBD6 /* XCRemoteSwiftPackageReference "SnapKit" */,
				E8AD91AB2BDBE67E00A8FBD6 /* XCRemoteSwiftPackageReference "Kingfisher" */,
			);
			productRefGroup = E8AD91802BDAB6FB00A8FBD6 /* Products */;
			projectDirPath = "";
			projectRoot = "";
			targets = (
				E8AD917E2BDAB6FB00A8FBD6 /* StocksApp */,
			);
		};
/* End PBXProject section */

/* Begin PBXResourcesBuildPhase section */
		E8AD917D2BDAB6FB00A8FBD6 /* Resources */ = {
			isa = PBXResourcesBuildPhase;
			buildActionMask = 2147483647;
			files = (
				E8AD918F2BDAB6FC00A8FBD6 /* Assets.xcassets in Resources */,
				E8AD91922BDAB6FC00A8FBD6 /* Base in Resources */,
			);
			runOnlyForDeploymentPostprocessing = 0;
		};
/* End PBXResourcesBuildPhase section */

/* Begin PBXSourcesBuildPhase section */
		E8AD917B2BDAB6FB00A8FBD6 /* Sources */ = {
			isa = PBXSourcesBuildPhase;
			buildActionMask = 2147483647;
			files = (
				E82067252BDBF950003B1289 /* StockModel.swift in Sources */,
				E820671E2BDBF692003B1289 /* StockTarget.swift in Sources */,
				E820672C2BDBFB5B003B1289 /* StocksDataModel.swift in Sources */,
				C92AD58E2BDD26420063F5D4 /* StockTarget.swift in Sources */,
				E8AD91872BDAB6FB00A8FBD6 /* ViewController.swift in Sources */,
				E8AD91BD2BDBE88300A8FBD6 /* SearchViewController.swift in Sources */,
				E8AD91B32BDBE6CF00A8FBD6 /* BaseTarget.swift in Sources */,
				E82067392BDF0D24003B1289 /* TopLosersModel.swift in Sources */,
				E8AD91832BDAB6FB00A8FBD6 /* AppDelegate.swift in Sources */,
				E82067352BDF0BE1003B1289 /* MainAlphaTarget.swift in Sources */,
				E8AD91B12BDBE6B700A8FBD6 /* LoggerPlugin.swift in Sources */,
				E82067372BDF0CD5003B1289 /* MainAlphaManager.swift in Sources */,
				E82067202BDBF81E003B1289 /* StockManager.swift in Sources */,
				E82067412BDFF58E003B1289 /* FMPManager.swift in Sources */,
				E82067332BDC04E5003B1289 /* CompanyModel.swift in Sources */,
				E82067292BDBFB35003B1289 /* MainViewModel.swift in Sources */,
				E820673D2BDFF3D1003B1289 /* CompanyFMPModel.swift in Sources */,
				C92AD59C2BDD4D2A0063F5D4 /* SearchViewModel.swift in Sources */,
				C92AD5942BDD2B0C0063F5D4 /* APIResult.swift in Sources */,
				C92AD5902BDD28940063F5D4 /* StockManager.swift in Sources */,
				E8AD91B92BDBE7B600A8FBD6 /* TabBarViewController.swift in Sources */,
				C92AD5972BDD354A0063F5D4 /* SearchResultsViewController.swift in Sources */,
				C92AD5992BDD3B730063F5D4 /* StockData.swift in Sources */,
				E8AD918D2BDAB6FB00A8FBD6 /* StocksApp.xcdatamodeld in Sources */,
				E8AD91AF2BDBE69800A8FBD6 /* NetworkLoggerPluginConfig.swift in Sources */,
				E820673F2BDFF450003B1289 /* FMPCompanyTarget.swift in Sources */,
				E8AD91B62BDBE71000A8FBD6 /* GlobalConstants.swift in Sources */,
				E8AD91852BDAB6FB00A8FBD6 /* SceneDelegate.swift in Sources */,
				E82067232BDBF930003B1289 /* ApiResult.swift in Sources */,
				E820673B2BDF13E1003B1289 /* SectionHeader.swift in Sources */,
				E8AD91BF2BDBE89500A8FBD6 /* FavoritesViewController.swift in Sources */,
				E82067312BDBFF8A003B1289 /* StocksTableViewCell.swift in Sources */,
				E8AD91BB2BDBE86D00A8FBD6 /* MainViewController.swift in Sources */,
			);
			runOnlyForDeploymentPostprocessing = 0;
		};
/* End PBXSourcesBuildPhase section */

/* Begin PBXVariantGroup section */
		E8AD91902BDAB6FC00A8FBD6 /* LaunchScreen.storyboard */ = {
			isa = PBXVariantGroup;
			children = (
				E8AD91912BDAB6FC00A8FBD6 /* Base */,
			);
			name = LaunchScreen.storyboard;
			sourceTree = "<group>";
		};
/* End PBXVariantGroup section */

/* Begin XCBuildConfiguration section */
		E8AD91942BDAB6FC00A8FBD6 /* Debug */ = {
			isa = XCBuildConfiguration;
			buildSettings = {
				ALWAYS_SEARCH_USER_PATHS = NO;
				ASSETCATALOG_COMPILER_GENERATE_SWIFT_ASSET_SYMBOL_EXTENSIONS = YES;
				CLANG_ANALYZER_NONNULL = YES;
				CLANG_ANALYZER_NUMBER_OBJECT_CONVERSION = YES_AGGRESSIVE;
				CLANG_CXX_LANGUAGE_STANDARD = "gnu++20";
				CLANG_ENABLE_MODULES = YES;
				CLANG_ENABLE_OBJC_ARC = YES;
				CLANG_ENABLE_OBJC_WEAK = YES;
				CLANG_WARN_BLOCK_CAPTURE_AUTORELEASING = YES;
				CLANG_WARN_BOOL_CONVERSION = YES;
				CLANG_WARN_COMMA = YES;
				CLANG_WARN_CONSTANT_CONVERSION = YES;
				CLANG_WARN_DEPRECATED_OBJC_IMPLEMENTATIONS = YES;
				CLANG_WARN_DIRECT_OBJC_ISA_USAGE = YES_ERROR;
				CLANG_WARN_DOCUMENTATION_COMMENTS = YES;
				CLANG_WARN_EMPTY_BODY = YES;
				CLANG_WARN_ENUM_CONVERSION = YES;
				CLANG_WARN_INFINITE_RECURSION = YES;
				CLANG_WARN_INT_CONVERSION = YES;
				CLANG_WARN_NON_LITERAL_NULL_CONVERSION = YES;
				CLANG_WARN_OBJC_IMPLICIT_RETAIN_SELF = YES;
				CLANG_WARN_OBJC_LITERAL_CONVERSION = YES;
				CLANG_WARN_OBJC_ROOT_CLASS = YES_ERROR;
				CLANG_WARN_QUOTED_INCLUDE_IN_FRAMEWORK_HEADER = YES;
				CLANG_WARN_RANGE_LOOP_ANALYSIS = YES;
				CLANG_WARN_STRICT_PROTOTYPES = YES;
				CLANG_WARN_SUSPICIOUS_MOVE = YES;
				CLANG_WARN_UNGUARDED_AVAILABILITY = YES_AGGRESSIVE;
				CLANG_WARN_UNREACHABLE_CODE = YES;
				CLANG_WARN__DUPLICATE_METHOD_MATCH = YES;
				COPY_PHASE_STRIP = NO;
				DEBUG_INFORMATION_FORMAT = dwarf;
				ENABLE_STRICT_OBJC_MSGSEND = YES;
				ENABLE_TESTABILITY = YES;
				ENABLE_USER_SCRIPT_SANDBOXING = YES;
				GCC_C_LANGUAGE_STANDARD = gnu17;
				GCC_DYNAMIC_NO_PIC = NO;
				GCC_NO_COMMON_BLOCKS = YES;
				GCC_OPTIMIZATION_LEVEL = 0;
				GCC_PREPROCESSOR_DEFINITIONS = (
					"DEBUG=1",
					"$(inherited)",
				);
				GCC_WARN_64_TO_32_BIT_CONVERSION = YES;
				GCC_WARN_ABOUT_RETURN_TYPE = YES_ERROR;
				GCC_WARN_UNDECLARED_SELECTOR = YES;
				GCC_WARN_UNINITIALIZED_AUTOS = YES_AGGRESSIVE;
				GCC_WARN_UNUSED_FUNCTION = YES;
				GCC_WARN_UNUSED_VARIABLE = YES;
				IPHONEOS_DEPLOYMENT_TARGET = 17.4;
				LOCALIZATION_PREFERS_STRING_CATALOGS = YES;
				MTL_ENABLE_DEBUG_INFO = INCLUDE_SOURCE;
				MTL_FAST_MATH = YES;
				ONLY_ACTIVE_ARCH = YES;
				SDKROOT = iphoneos;
				SWIFT_ACTIVE_COMPILATION_CONDITIONS = "DEBUG $(inherited)";
				SWIFT_OPTIMIZATION_LEVEL = "-Onone";
			};
			name = Debug;
		};
		E8AD91952BDAB6FC00A8FBD6 /* Release */ = {
			isa = XCBuildConfiguration;
			buildSettings = {
				ALWAYS_SEARCH_USER_PATHS = NO;
				ASSETCATALOG_COMPILER_GENERATE_SWIFT_ASSET_SYMBOL_EXTENSIONS = YES;
				CLANG_ANALYZER_NONNULL = YES;
				CLANG_ANALYZER_NUMBER_OBJECT_CONVERSION = YES_AGGRESSIVE;
				CLANG_CXX_LANGUAGE_STANDARD = "gnu++20";
				CLANG_ENABLE_MODULES = YES;
				CLANG_ENABLE_OBJC_ARC = YES;
				CLANG_ENABLE_OBJC_WEAK = YES;
				CLANG_WARN_BLOCK_CAPTURE_AUTORELEASING = YES;
				CLANG_WARN_BOOL_CONVERSION = YES;
				CLANG_WARN_COMMA = YES;
				CLANG_WARN_CONSTANT_CONVERSION = YES;
				CLANG_WARN_DEPRECATED_OBJC_IMPLEMENTATIONS = YES;
				CLANG_WARN_DIRECT_OBJC_ISA_USAGE = YES_ERROR;
				CLANG_WARN_DOCUMENTATION_COMMENTS = YES;
				CLANG_WARN_EMPTY_BODY = YES;
				CLANG_WARN_ENUM_CONVERSION = YES;
				CLANG_WARN_INFINITE_RECURSION = YES;
				CLANG_WARN_INT_CONVERSION = YES;
				CLANG_WARN_NON_LITERAL_NULL_CONVERSION = YES;
				CLANG_WARN_OBJC_IMPLICIT_RETAIN_SELF = YES;
				CLANG_WARN_OBJC_LITERAL_CONVERSION = YES;
				CLANG_WARN_OBJC_ROOT_CLASS = YES_ERROR;
				CLANG_WARN_QUOTED_INCLUDE_IN_FRAMEWORK_HEADER = YES;
				CLANG_WARN_RANGE_LOOP_ANALYSIS = YES;
				CLANG_WARN_STRICT_PROTOTYPES = YES;
				CLANG_WARN_SUSPICIOUS_MOVE = YES;
				CLANG_WARN_UNGUARDED_AVAILABILITY = YES_AGGRESSIVE;
				CLANG_WARN_UNREACHABLE_CODE = YES;
				CLANG_WARN__DUPLICATE_METHOD_MATCH = YES;
				COPY_PHASE_STRIP = NO;
				DEBUG_INFORMATION_FORMAT = "dwarf-with-dsym";
				ENABLE_NS_ASSERTIONS = NO;
				ENABLE_STRICT_OBJC_MSGSEND = YES;
				ENABLE_USER_SCRIPT_SANDBOXING = YES;
				GCC_C_LANGUAGE_STANDARD = gnu17;
				GCC_NO_COMMON_BLOCKS = YES;
				GCC_WARN_64_TO_32_BIT_CONVERSION = YES;
				GCC_WARN_ABOUT_RETURN_TYPE = YES_ERROR;
				GCC_WARN_UNDECLARED_SELECTOR = YES;
				GCC_WARN_UNINITIALIZED_AUTOS = YES_AGGRESSIVE;
				GCC_WARN_UNUSED_FUNCTION = YES;
				GCC_WARN_UNUSED_VARIABLE = YES;
				IPHONEOS_DEPLOYMENT_TARGET = 17.4;
				LOCALIZATION_PREFERS_STRING_CATALOGS = YES;
				MTL_ENABLE_DEBUG_INFO = NO;
				MTL_FAST_MATH = YES;
				SDKROOT = iphoneos;
				SWIFT_COMPILATION_MODE = wholemodule;
				VALIDATE_PRODUCT = YES;
			};
			name = Release;
		};
		E8AD91972BDAB6FC00A8FBD6 /* Debug */ = {
			isa = XCBuildConfiguration;
			buildSettings = {
				ASSETCATALOG_COMPILER_APPICON_NAME = AppIcon;
				ASSETCATALOG_COMPILER_GLOBAL_ACCENT_COLOR_NAME = AccentColor;
				CODE_SIGN_STYLE = Automatic;
				CURRENT_PROJECT_VERSION = 1;
				DEVELOPMENT_TEAM = Q4WQM3AZUM;
				GENERATE_INFOPLIST_FILE = YES;
				INFOPLIST_FILE = StocksApp/Info.plist;
				INFOPLIST_KEY_UIApplicationSupportsIndirectInputEvents = YES;
				INFOPLIST_KEY_UILaunchStoryboardName = LaunchScreen;
				INFOPLIST_KEY_UIStatusBarStyle = "";
				INFOPLIST_KEY_UISupportedInterfaceOrientations_iPad = "UIInterfaceOrientationPortrait UIInterfaceOrientationPortraitUpsideDown UIInterfaceOrientationLandscapeLeft UIInterfaceOrientationLandscapeRight";
				INFOPLIST_KEY_UISupportedInterfaceOrientations_iPhone = "UIInterfaceOrientationPortrait UIInterfaceOrientationLandscapeLeft UIInterfaceOrientationLandscapeRight";
				LD_RUNPATH_SEARCH_PATHS = (
					"$(inherited)",
					"@executable_path/Frameworks",
				);
				MARKETING_VERSION = 1.0;
				PRODUCT_BUNDLE_IDENTIFIER = dias.StocksApp;
				PRODUCT_NAME = "$(TARGET_NAME)";
				SWIFT_EMIT_LOC_STRINGS = YES;
				SWIFT_VERSION = 5.0;
				TARGETED_DEVICE_FAMILY = "1,2";
			};
			name = Debug;
		};
		E8AD91982BDAB6FC00A8FBD6 /* Release */ = {
			isa = XCBuildConfiguration;
			buildSettings = {
				ASSETCATALOG_COMPILER_APPICON_NAME = AppIcon;
				ASSETCATALOG_COMPILER_GLOBAL_ACCENT_COLOR_NAME = AccentColor;
				CODE_SIGN_STYLE = Automatic;
				CURRENT_PROJECT_VERSION = 1;
				DEVELOPMENT_TEAM = Q4WQM3AZUM;
				GENERATE_INFOPLIST_FILE = YES;
				INFOPLIST_FILE = StocksApp/Info.plist;
				INFOPLIST_KEY_UIApplicationSupportsIndirectInputEvents = YES;
				INFOPLIST_KEY_UILaunchStoryboardName = LaunchScreen;
				INFOPLIST_KEY_UIStatusBarStyle = "";
				INFOPLIST_KEY_UISupportedInterfaceOrientations_iPad = "UIInterfaceOrientationPortrait UIInterfaceOrientationPortraitUpsideDown UIInterfaceOrientationLandscapeLeft UIInterfaceOrientationLandscapeRight";
				INFOPLIST_KEY_UISupportedInterfaceOrientations_iPhone = "UIInterfaceOrientationPortrait UIInterfaceOrientationLandscapeLeft UIInterfaceOrientationLandscapeRight";
				LD_RUNPATH_SEARCH_PATHS = (
					"$(inherited)",
					"@executable_path/Frameworks",
				);
				MARKETING_VERSION = 1.0;
				PRODUCT_BUNDLE_IDENTIFIER = dias.StocksApp;
				PRODUCT_NAME = "$(TARGET_NAME)";
				SWIFT_EMIT_LOC_STRINGS = YES;
				SWIFT_VERSION = 5.0;
				TARGETED_DEVICE_FAMILY = "1,2";
			};
			name = Release;
		};
/* End XCBuildConfiguration section */

/* Begin XCConfigurationList section */
		E8AD917A2BDAB6FB00A8FBD6 /* Build configuration list for PBXProject "StocksApp" */ = {
			isa = XCConfigurationList;
			buildConfigurations = (
				E8AD91942BDAB6FC00A8FBD6 /* Debug */,
				E8AD91952BDAB6FC00A8FBD6 /* Release */,
			);
			defaultConfigurationIsVisible = 0;
			defaultConfigurationName = Release;
		};
		E8AD91962BDAB6FC00A8FBD6 /* Build configuration list for PBXNativeTarget "StocksApp" */ = {
			isa = XCConfigurationList;
			buildConfigurations = (
				E8AD91972BDAB6FC00A8FBD6 /* Debug */,
				E8AD91982BDAB6FC00A8FBD6 /* Release */,
			);
			defaultConfigurationIsVisible = 0;
			defaultConfigurationName = Release;
		};
/* End XCConfigurationList section */

/* Begin XCRemoteSwiftPackageReference section */
		E8AD91A52BDBE64B00A8FBD6 /* XCRemoteSwiftPackageReference "Moya" */ = {
			isa = XCRemoteSwiftPackageReference;
			repositoryURL = "https://github.com/Moya/Moya.git";
			requirement = {
				kind = upToNextMajorVersion;
				minimumVersion = 15.0.3;
			};
		};
		E8AD91A62BDBE65800A8FBD6 /* XCRemoteSwiftPackageReference "SnapKit" */ = {
			isa = XCRemoteSwiftPackageReference;
			repositoryURL = "https://github.com/SnapKit/SnapKit.git";
			requirement = {
				kind = upToNextMajorVersion;
				minimumVersion = 5.7.1;
			};
		};
		E8AD91AB2BDBE67E00A8FBD6 /* XCRemoteSwiftPackageReference "Kingfisher" */ = {
			isa = XCRemoteSwiftPackageReference;
			repositoryURL = "https://github.com/onevcat/Kingfisher.git";
			requirement = {
				kind = upToNextMajorVersion;
				minimumVersion = 7.11.0;
			};
		};
/* End XCRemoteSwiftPackageReference section */

/* Begin XCSwiftPackageProductDependency section */
		E820671B2BDBEFCB003B1289 /* Moya */ = {
			isa = XCSwiftPackageProductDependency;
			package = E8AD91A52BDBE64B00A8FBD6 /* XCRemoteSwiftPackageReference "Moya" */;
			productName = Moya;
		};
		E8AD91A72BDBE65800A8FBD6 /* SnapKit */ = {
			isa = XCSwiftPackageProductDependency;
			package = E8AD91A62BDBE65800A8FBD6 /* XCRemoteSwiftPackageReference "SnapKit" */;
			productName = SnapKit;
		};
		E8AD91A92BDBE65800A8FBD6 /* SnapKit-Dynamic */ = {
			isa = XCSwiftPackageProductDependency;
			package = E8AD91A62BDBE65800A8FBD6 /* XCRemoteSwiftPackageReference "SnapKit" */;
			productName = "SnapKit-Dynamic";
		};
		E8AD91AC2BDBE67E00A8FBD6 /* Kingfisher */ = {
			isa = XCSwiftPackageProductDependency;
			package = E8AD91AB2BDBE67E00A8FBD6 /* XCRemoteSwiftPackageReference "Kingfisher" */;
			productName = Kingfisher;
		};
/* End XCSwiftPackageProductDependency section */

/* Begin XCVersionGroup section */
		E8AD918B2BDAB6FB00A8FBD6 /* StocksApp.xcdatamodeld */ = {
			isa = XCVersionGroup;
			children = (
				E8AD918C2BDAB6FB00A8FBD6 /* StocksApp.xcdatamodel */,
			);
			currentVersion = E8AD918C2BDAB6FB00A8FBD6 /* StocksApp.xcdatamodel */;
			path = StocksApp.xcdatamodeld;
			sourceTree = "<group>";
			versionGroupType = wrapper.xcdatamodel;
		};
/* End XCVersionGroup section */
	};
	rootObject = E8AD91772BDAB6FB00A8FBD6 /* Project object */;
}
